
Microsoft Visual Studio Solution File, Format Version 12.00
# Visual Studio Version 17
VisualStudioVersion = 17.9.34622.214
MinimumVisualStudioVersion = 10.0.40219.1
Project("{9A19103F-16F7-4668-BE54-9A1E7A4F7556}") = "lab2", "lab2.csproj", "{E69F5B85-C72C-4C5B-9D65-14DBAFCE8032}"
EndProject
Project("{9A19103F-16F7-4668-BE54-9A1E7A4F7556}") = "lab2.Tests", "..\lab2.Tests\lab2.Tests.csproj", "{24E6E0BB-978B-404E-9D0B-40A193BB0416}"
EndProject
Global
	GlobalSection(SolutionConfigurationPlatforms) = preSolution
		Debug|Any CPU = Debug|Any CPU
		Release|Any CPU = Release|Any CPU
	EndGlobalSection
	GlobalSection(ProjectConfigurationPlatforms) = postSolution
		{E69F5B85-C72C-4C5B-9D65-14DBAFCE8032}.Debug|Any CPU.ActiveCfg = Debug|Any CPU
		{E69F5B85-C72C-4C5B-9D65-14DBAFCE8032}.Debug|Any CPU.Build.0 = Debug|Any CPU
		{E69F5B85-C72C-4C5B-9D65-14DBAFCE8032}.Release|Any CPU.ActiveCfg = Release|Any CPU
		{E69F5B85-C72C-4C5B-9D65-14DBAFCE8032}.Release|Any CPU.Build.0 = Release|Any CPU
		{24E6E0BB-978B-404E-9D0B-40A193BB0416}.Debug|Any CPU.ActiveCfg = Debug|Any CPU
		{24E6E0BB-978B-404E-9D0B-40A193BB0416}.Debug|Any CPU.Build.0 = Debug|Any CPU
		{24E6E0BB-978B-404E-9D0B-40A193BB0416}.Release|Any CPU.ActiveCfg = Release|Any CPU
		{24E6E0BB-978B-404E-9D0B-40A193BB0416}.Release|Any CPU.Build.0 = Release|Any CPU
	EndGlobalSection
	GlobalSection(SolutionProperties) = preSolution
		HideSolutionNode = FALSE
	EndGlobalSection
	GlobalSection(ExtensibilityGlobals) = postSolution
		SolutionGuid = {0B8BD3E8-665F-44F7-AE1C-9A1A0312FDC4}
	EndGlobalSection
EndGlobal
