
Microsoft Visual Studio Solution File, Format Version 12.00
# Visual Studio Version 17
VisualStudioVersion = 17.9.34622.214
MinimumVisualStudioVersion = 10.0.40219.1
Project("{9A19103F-16F7-4668-BE54-9A1E7A4F7556}") = "lab4", "lab4.csproj", "{CF999785-F66E-4564-BF15-2036F24A1BC4}"
EndProject
Project("{9A19103F-16F7-4668-BE54-9A1E7A4F7556}") = "LabsLibrary", "..\LabsLibrary\LabsLibrary.csproj", "{5DD5F503-4D6E-4414-A35E-5B8B66EFB9A4}"
EndProject
Global
	GlobalSection(SolutionConfigurationPlatforms) = preSolution
		Debug|Any CPU = Debug|Any CPU
		Release|Any CPU = Release|Any CPU
	EndGlobalSection
	GlobalSection(ProjectConfigurationPlatforms) = postSolution
		{CF999785-F66E-4564-BF15-2036F24A1BC4}.Debug|Any CPU.ActiveCfg = Debug|Any CPU
		{CF999785-F66E-4564-BF15-2036F24A1BC4}.Debug|Any CPU.Build.0 = Debug|Any CPU
		{CF999785-F66E-4564-BF15-2036F24A1BC4}.Release|Any CPU.ActiveCfg = Release|Any CPU
		{CF999785-F66E-4564-BF15-2036F24A1BC4}.Release|Any CPU.Build.0 = Release|Any CPU
		{5DD5F503-4D6E-4414-A35E-5B8B66EFB9A4}.Debug|Any CPU.ActiveCfg = Debug|Any CPU
		{5DD5F503-4D6E-4414-A35E-5B8B66EFB9A4}.Debug|Any CPU.Build.0 = Debug|Any CPU
		{5DD5F503-4D6E-4414-A35E-5B8B66EFB9A4}.Release|Any CPU.ActiveCfg = Release|Any CPU
		{5DD5F503-4D6E-4414-A35E-5B8B66EFB9A4}.Release|Any CPU.Build.0 = Release|Any CPU
	EndGlobalSection
	GlobalSection(SolutionProperties) = preSolution
		HideSolutionNode = FALSE
	EndGlobalSection
	GlobalSection(ExtensibilityGlobals) = postSolution
		SolutionGuid = {EABCEC06-44CB-4F5F-9E87-FF5821FDC3B8}
	EndGlobalSection
EndGlobal
